
Microsoft Visual Studio Solution File, Format Version 12.00
# Visual Studio Version 16
VisualStudioVersion = 16.0.30804.86
MinimumVisualStudioVersion = 10.0.40219.1
Project("{9A19103F-16F7-4668-BE54-9A1E7A4F7556}") = "DataAccess", "DataAccess\DataAccess.csproj", "{1360B91C-4073-4B61-89C7-84DDA958026C}"
EndProject
Project("{9A19103F-16F7-4668-BE54-9A1E7A4F7556}") = "Business", "Business\Business.csproj", "{F60465F2-8A5D-46DD-BFDA-010B17869C45}"
EndProject
Project("{9A19103F-16F7-4668-BE54-9A1E7A4F7556}") = "Entities", "Entities\Entities.csproj", "{FD0C410C-0C82-4155-9EED-B6670A46A05C}"
EndProject
Project("{9A19103F-16F7-4668-BE54-9A1E7A4F7556}") = "ConsoleUI", "ConsoleUI\ConsoleUI.csproj", "{3B2B584A-FEE5-48B3-92EC-3F58CA61C074}"
EndProject
Project("{9A19103F-16F7-4668-BE54-9A1E7A4F7556}") = "Core", "Core\Core.csproj", "{77CDECC4-19A3-42C7-A570-40C3132C2B13}"
EndProject
Project("{FAE04EC0-301F-11D3-BF4B-00C04F79EFBC}") = "WebAPI", "WebAPI\WebAPI.csproj", "{4C08AA49-87F5-455C-A832-5F492CABBF09}"
EndProject
Global
	GlobalSection(SolutionConfigurationPlatforms) = preSolution
		Debug|Any CPU = Debug|Any CPU
		Release|Any CPU = Release|Any CPU
	EndGlobalSection
	GlobalSection(ProjectConfigurationPlatforms) = postSolution
		{1360B91C-4073-4B61-89C7-84DDA958026C}.Debug|Any CPU.ActiveCfg = Debug|Any CPU
		{1360B91C-4073-4B61-89C7-84DDA958026C}.Debug|Any CPU.Build.0 = Debug|Any CPU
		{1360B91C-4073-4B61-89C7-84DDA958026C}.Release|Any CPU.ActiveCfg = Release|Any CPU
		{1360B91C-4073-4B61-89C7-84DDA958026C}.Release|Any CPU.Build.0 = Release|Any CPU
		{F60465F2-8A5D-46DD-BFDA-010B17869C45}.Debug|Any CPU.ActiveCfg = Debug|Any CPU
		{F60465F2-8A5D-46DD-BFDA-010B17869C45}.Debug|Any CPU.Build.0 = Debug|Any CPU
		{F60465F2-8A5D-46DD-BFDA-010B17869C45}.Release|Any CPU.ActiveCfg = Release|Any CPU
		{F60465F2-8A5D-46DD-BFDA-010B17869C45}.Release|Any CPU.Build.0 = Release|Any CPU
		{FD0C410C-0C82-4155-9EED-B6670A46A05C}.Debug|Any CPU.ActiveCfg = Debug|Any CPU
		{FD0C410C-0C82-4155-9EED-B6670A46A05C}.Debug|Any CPU.Build.0 = Debug|Any CPU
		{FD0C410C-0C82-4155-9EED-B6670A46A05C}.Release|Any CPU.ActiveCfg = Release|Any CPU
		{FD0C410C-0C82-4155-9EED-B6670A46A05C}.Release|Any CPU.Build.0 = Release|Any CPU
		{3B2B584A-FEE5-48B3-92EC-3F58CA61C074}.Debug|Any CPU.ActiveCfg = Debug|Any CPU
		{3B2B584A-FEE5-48B3-92EC-3F58CA61C074}.Debug|Any CPU.Build.0 = Debug|Any CPU
		{3B2B584A-FEE5-48B3-92EC-3F58CA61C074}.Release|Any CPU.ActiveCfg = Release|Any CPU
		{3B2B584A-FEE5-48B3-92EC-3F58CA61C074}.Release|Any CPU.Build.0 = Release|Any CPU
		{77CDECC4-19A3-42C7-A570-40C3132C2B13}.Debug|Any CPU.ActiveCfg = Debug|Any CPU
		{77CDECC4-19A3-42C7-A570-40C3132C2B13}.Debug|Any CPU.Build.0 = Debug|Any CPU
		{77CDECC4-19A3-42C7-A570-40C3132C2B13}.Release|Any CPU.ActiveCfg = Release|Any CPU
		{77CDECC4-19A3-42C7-A570-40C3132C2B13}.Release|Any CPU.Build.0 = Release|Any CPU
		{4C08AA49-87F5-455C-A832-5F492CABBF09}.Debug|Any CPU.ActiveCfg = Debug|Any CPU
		{4C08AA49-87F5-455C-A832-5F492CABBF09}.Debug|Any CPU.Build.0 = Debug|Any CPU
		{4C08AA49-87F5-455C-A832-5F492CABBF09}.Release|Any CPU.ActiveCfg = Release|Any CPU
		{4C08AA49-87F5-455C-A832-5F492CABBF09}.Release|Any CPU.Build.0 = Release|Any CPU
	EndGlobalSection
	GlobalSection(SolutionProperties) = preSolution
		HideSolutionNode = FALSE
	EndGlobalSection
	GlobalSection(ExtensibilityGlobals) = postSolution
		SolutionGuid = {5B559E7C-945C-4EEA-896A-252046AA39EC}
	EndGlobalSection
EndGlobal
